
Microsoft Visual Studio Solution File, Format Version 12.00
# Visual Studio Version 17
VisualStudioVersion = 17.10.35013.160
MinimumVisualStudioVersion = 10.0.40219.1
Project("{9A19103F-16F7-4668-BE54-9A1E7A4F7556}") = "ECommerceApp", "ECommerceApp.csproj", "{23E67047-5939-4FB5-8B38-28294D11186B}"
EndProject
Project("{FAE04EC0-301F-11D3-BF4B-00C04F79EFBC}") = "EComm.Services", "EComm.Services\EComm.Services.csproj", "{322C469B-E792-41E3-8EFB-AB7E729E0536}"
EndProject
Global
	GlobalSection(SolutionConfigurationPlatforms) = preSolution
		Debug|Any CPU = Debug|Any CPU
		Release|Any CPU = Release|Any CPU
	EndGlobalSection
	GlobalSection(ProjectConfigurationPlatforms) = postSolution
		{23E67047-5939-4FB5-8B38-28294D11186B}.Debug|Any CPU.ActiveCfg = Debug|Any CPU
		{23E67047-5939-4FB5-8B38-28294D11186B}.Debug|Any CPU.Build.0 = Debug|Any CPU
		{23E67047-5939-4FB5-8B38-28294D11186B}.Release|Any CPU.ActiveCfg = Release|Any CPU
		{23E67047-5939-4FB5-8B38-28294D11186B}.Release|Any CPU.Build.0 = Release|Any CPU
		{322C469B-E792-41E3-8EFB-AB7E729E0536}.Debug|Any CPU.ActiveCfg = Debug|Any CPU
		{322C469B-E792-41E3-8EFB-AB7E729E0536}.Debug|Any CPU.Build.0 = Debug|Any CPU
		{322C469B-E792-41E3-8EFB-AB7E729E0536}.Release|Any CPU.ActiveCfg = Release|Any CPU
		{322C469B-E792-41E3-8EFB-AB7E729E0536}.Release|Any CPU.Build.0 = Release|Any CPU
	EndGlobalSection
	GlobalSection(SolutionProperties) = preSolution
		HideSolutionNode = FALSE
	EndGlobalSection
	GlobalSection(ExtensibilityGlobals) = postSolution
		SolutionGuid = {6D485679-AE02-484A-B096-513FF64BDCB6}
	EndGlobalSection
EndGlobal
